
Microsoft Visual Studio Solution File, Format Version 11.00
# Visual Studio 2010
Project("{FAE04EC0-301F-11D3-BF4B-00C04F79EFBC}") = "SuperTiled2Unity", "SuperTiled2Unity.csproj", "{591506c0-1523-56b8-7e73-8fab3bd156ee}"
EndProject
Project("{FAE04EC0-301F-11D3-BF4B-00C04F79EFBC}") = "Assembly-CSharp", "Assembly-CSharp.csproj", "{734d66a3-0fc0-2f7a-6ef2-eb2116b71075}"
EndProject
Project("{FAE04EC0-301F-11D3-BF4B-00C04F79EFBC}") = "SuperTiled2UnityEditor", "SuperTiled2UnityEditor.csproj", "{a13bbdf6-f618-7696-4413-ff9b2cfec1a2}"
EndProject
Global
	GlobalSection(SolutionConfigurationPlatforms) = preSolution
		Debug|Any CPU = Debug|Any CPU
		Release|Any CPU = Release|Any CPU
	EndGlobalSection
	GlobalSection(ProjectConfigurationPlatforms) = postSolution
		{591506c0-1523-56b8-7e73-8fab3bd156ee}.Debug|Any CPU.ActiveCfg = Debug|Any CPU
		{591506c0-1523-56b8-7e73-8fab3bd156ee}.Debug|Any CPU.Build.0 = Debug|Any CPU
		{591506c0-1523-56b8-7e73-8fab3bd156ee}.Release|Any CPU.ActiveCfg = Release|Any CPU
		{591506c0-1523-56b8-7e73-8fab3bd156ee}.Release|Any CPU.Build.0 = Release|Any CPU
		{734d66a3-0fc0-2f7a-6ef2-eb2116b71075}.Debug|Any CPU.ActiveCfg = Debug|Any CPU
		{734d66a3-0fc0-2f7a-6ef2-eb2116b71075}.Debug|Any CPU.Build.0 = Debug|Any CPU
		{734d66a3-0fc0-2f7a-6ef2-eb2116b71075}.Release|Any CPU.ActiveCfg = Release|Any CPU
		{734d66a3-0fc0-2f7a-6ef2-eb2116b71075}.Release|Any CPU.Build.0 = Release|Any CPU
		{a13bbdf6-f618-7696-4413-ff9b2cfec1a2}.Debug|Any CPU.ActiveCfg = Debug|Any CPU
		{a13bbdf6-f618-7696-4413-ff9b2cfec1a2}.Debug|Any CPU.Build.0 = Debug|Any CPU
		{a13bbdf6-f618-7696-4413-ff9b2cfec1a2}.Release|Any CPU.ActiveCfg = Release|Any CPU
		{a13bbdf6-f618-7696-4413-ff9b2cfec1a2}.Release|Any CPU.Build.0 = Release|Any CPU
	EndGlobalSection
	GlobalSection(SolutionProperties) = preSolution
		HideSolutionNode = FALSE
	EndGlobalSection
EndGlobal
