
Microsoft Visual Studio Solution File, Format Version 11.00
# Visual Studio 2010
Project("{FAE04EC0-301F-11D3-BF4B-00C04F79EFBC}") = "Assembly-CSharp", "Assembly-CSharp.csproj", "{A3664D73-C00F-7A2F-6EF2-EB2116B71075}"
EndProject
Project("{FAE04EC0-301F-11D3-BF4B-00C04F79EFBC}") = "SuperTiled2Unity", "SuperTiled2Unity.csproj", "{C0061559-2315-B856-7E73-8FAB3BD156EE}"
EndProject
Project("{FAE04EC0-301F-11D3-BF4B-00C04F79EFBC}") = "SuperTiled2UnityEditor", "SuperTiled2UnityEditor.csproj", "{F6BD3BA1-18F6-9676-4413-FF9B2CFEC1A2}"
EndProject
Global
	GlobalSection(SolutionConfigurationPlatforms) = preSolution
		Debug|Any CPU = Debug|Any CPU
		Release|Any CPU = Release|Any CPU
	EndGlobalSection
	GlobalSection(ProjectConfigurationPlatforms) = postSolution
		{A3664D73-C00F-7A2F-6EF2-EB2116B71075}.Debug|Any CPU.ActiveCfg = Debug|Any CPU
		{A3664D73-C00F-7A2F-6EF2-EB2116B71075}.Debug|Any CPU.Build.0 = Debug|Any CPU
		{A3664D73-C00F-7A2F-6EF2-EB2116B71075}.Release|Any CPU.ActiveCfg = Release|Any CPU
		{A3664D73-C00F-7A2F-6EF2-EB2116B71075}.Release|Any CPU.Build.0 = Release|Any CPU
		{C0061559-2315-B856-7E73-8FAB3BD156EE}.Debug|Any CPU.ActiveCfg = Debug|Any CPU
		{C0061559-2315-B856-7E73-8FAB3BD156EE}.Debug|Any CPU.Build.0 = Debug|Any CPU
		{C0061559-2315-B856-7E73-8FAB3BD156EE}.Release|Any CPU.ActiveCfg = Release|Any CPU
		{C0061559-2315-B856-7E73-8FAB3BD156EE}.Release|Any CPU.Build.0 = Release|Any CPU
		{F6BD3BA1-18F6-9676-4413-FF9B2CFEC1A2}.Debug|Any CPU.ActiveCfg = Debug|Any CPU
		{F6BD3BA1-18F6-9676-4413-FF9B2CFEC1A2}.Debug|Any CPU.Build.0 = Debug|Any CPU
		{F6BD3BA1-18F6-9676-4413-FF9B2CFEC1A2}.Release|Any CPU.ActiveCfg = Release|Any CPU
		{F6BD3BA1-18F6-9676-4413-FF9B2CFEC1A2}.Release|Any CPU.Build.0 = Release|Any CPU
	EndGlobalSection
	GlobalSection(SolutionProperties) = preSolution
		HideSolutionNode = FALSE
	EndGlobalSection
EndGlobal
